
Microsoft Visual Studio Solution File, Format Version 12.00
# Visual Studio Version 16
VisualStudioVersion = 16.0.31205.134
MinimumVisualStudioVersion = 10.0.40219.1
Project("{9A19103F-16F7-4668-BE54-9A1E7A4F7556}") = "Fiap.Aula05.Exercicio01", "Fiap.Aula05.Exercicio01\Fiap.Aula05.Exercicio01.csproj", "{DE023557-73DF-441C-917E-9227B5EC44DA}"
EndProject
Project("{9A19103F-16F7-4668-BE54-9A1E7A4F7556}") = "Fiap.Aula06.Exercicio01", "Fiap.Aula06.Exercicio01\Fiap.Aula06.Exercicio01.csproj", "{271C300D-0D89-4449-BE9E-C25B61FFEDD5}"
EndProject
Project("{9A19103F-16F7-4668-BE54-9A1E7A4F7556}") = "Fiap.Aula06.Exercicio01_v02", "Fiap.Aula06.Exercicio01_v02\Fiap.Aula06.Exercicio01_v02.csproj", "{E40A0AEE-72EF-41B6-BB19-4341A03B5788}"
EndProject
Project("{9A19103F-16F7-4668-BE54-9A1E7A4F7556}") = "Fiap.Aula07.Exemplo01", "Fiap.Aula07.Exemplo01\Fiap.Aula07.Exemplo01.csproj", "{95073E84-A709-4431-B1E5-64F1E1783A3E}"
EndProject
Project("{FAE04EC0-301F-11D3-BF4B-00C04F79EFBC}") = "Fiap.Aula08.Exercicio01", "Fiap.Aula08.Exercicio01\Fiap.Aula08.Exercicio01.csproj", "{5FE4B0C0-5F45-4766-9D8B-CD477626CDDA}"
EndProject
Project("{FAE04EC0-301F-11D3-BF4B-00C04F79EFBC}") = "Fiap.Aula08.Exemplo01", "Fiap.Aula08.Exemplo01\Fiap.Aula08.Exemplo01.csproj", "{5D6A8587-2192-4B0D-B8DE-90B3372D842D}"
EndProject
Global
	GlobalSection(SolutionConfigurationPlatforms) = preSolution
		Debug|Any CPU = Debug|Any CPU
		Release|Any CPU = Release|Any CPU
	EndGlobalSection
	GlobalSection(ProjectConfigurationPlatforms) = postSolution
		{DE023557-73DF-441C-917E-9227B5EC44DA}.Debug|Any CPU.ActiveCfg = Debug|Any CPU
		{DE023557-73DF-441C-917E-9227B5EC44DA}.Debug|Any CPU.Build.0 = Debug|Any CPU
		{DE023557-73DF-441C-917E-9227B5EC44DA}.Release|Any CPU.ActiveCfg = Release|Any CPU
		{DE023557-73DF-441C-917E-9227B5EC44DA}.Release|Any CPU.Build.0 = Release|Any CPU
		{271C300D-0D89-4449-BE9E-C25B61FFEDD5}.Debug|Any CPU.ActiveCfg = Debug|Any CPU
		{271C300D-0D89-4449-BE9E-C25B61FFEDD5}.Debug|Any CPU.Build.0 = Debug|Any CPU
		{271C300D-0D89-4449-BE9E-C25B61FFEDD5}.Release|Any CPU.ActiveCfg = Release|Any CPU
		{271C300D-0D89-4449-BE9E-C25B61FFEDD5}.Release|Any CPU.Build.0 = Release|Any CPU
		{E40A0AEE-72EF-41B6-BB19-4341A03B5788}.Debug|Any CPU.ActiveCfg = Debug|Any CPU
		{E40A0AEE-72EF-41B6-BB19-4341A03B5788}.Debug|Any CPU.Build.0 = Debug|Any CPU
		{E40A0AEE-72EF-41B6-BB19-4341A03B5788}.Release|Any CPU.ActiveCfg = Release|Any CPU
		{E40A0AEE-72EF-41B6-BB19-4341A03B5788}.Release|Any CPU.Build.0 = Release|Any CPU
		{95073E84-A709-4431-B1E5-64F1E1783A3E}.Debug|Any CPU.ActiveCfg = Debug|Any CPU
		{95073E84-A709-4431-B1E5-64F1E1783A3E}.Debug|Any CPU.Build.0 = Debug|Any CPU
		{95073E84-A709-4431-B1E5-64F1E1783A3E}.Release|Any CPU.ActiveCfg = Release|Any CPU
		{95073E84-A709-4431-B1E5-64F1E1783A3E}.Release|Any CPU.Build.0 = Release|Any CPU
		{5FE4B0C0-5F45-4766-9D8B-CD477626CDDA}.Debug|Any CPU.ActiveCfg = Debug|Any CPU
		{5FE4B0C0-5F45-4766-9D8B-CD477626CDDA}.Debug|Any CPU.Build.0 = Debug|Any CPU
		{5FE4B0C0-5F45-4766-9D8B-CD477626CDDA}.Release|Any CPU.ActiveCfg = Release|Any CPU
		{5FE4B0C0-5F45-4766-9D8B-CD477626CDDA}.Release|Any CPU.Build.0 = Release|Any CPU
		{5D6A8587-2192-4B0D-B8DE-90B3372D842D}.Debug|Any CPU.ActiveCfg = Debug|Any CPU
		{5D6A8587-2192-4B0D-B8DE-90B3372D842D}.Debug|Any CPU.Build.0 = Debug|Any CPU
		{5D6A8587-2192-4B0D-B8DE-90B3372D842D}.Release|Any CPU.ActiveCfg = Release|Any CPU
		{5D6A8587-2192-4B0D-B8DE-90B3372D842D}.Release|Any CPU.Build.0 = Release|Any CPU
	EndGlobalSection
	GlobalSection(SolutionProperties) = preSolution
		HideSolutionNode = FALSE
	EndGlobalSection
	GlobalSection(ExtensibilityGlobals) = postSolution
		SolutionGuid = {69E58BD1-A7B0-4C19-8D09-BF3B6C2117B3}
	EndGlobalSection
EndGlobal
