
Microsoft Visual Studio Solution File, Format Version 12.00
# Visual Studio Version 16
VisualStudioVersion = 16.0.31205.134
MinimumVisualStudioVersion = 10.0.40219.1
Project("{9A19103F-16F7-4668-BE54-9A1E7A4F7556}") = "Fiap.Aula03", "Fiap.Aula03\Fiap.Aula03.csproj", "{A0613B6B-6B66-404E-B405-BACF78451D85}"
EndProject
Project("{FAE04EC0-301F-11D3-BF4B-00C04F79EFBC}") = "Fiap.Aula03.Exercicio01", "Fiap.Aula03.Exercicio01\Fiap.Aula03.Exercicio01.csproj", "{C579C4B1-20C7-41DE-AC06-80A98B95CE78}"
EndProject
Global
	GlobalSection(SolutionConfigurationPlatforms) = preSolution
		Debug|Any CPU = Debug|Any CPU
		Release|Any CPU = Release|Any CPU
	EndGlobalSection
	GlobalSection(ProjectConfigurationPlatforms) = postSolution
		{A0613B6B-6B66-404E-B405-BACF78451D85}.Debug|Any CPU.ActiveCfg = Debug|Any CPU
		{A0613B6B-6B66-404E-B405-BACF78451D85}.Debug|Any CPU.Build.0 = Debug|Any CPU
		{A0613B6B-6B66-404E-B405-BACF78451D85}.Release|Any CPU.ActiveCfg = Release|Any CPU
		{A0613B6B-6B66-404E-B405-BACF78451D85}.Release|Any CPU.Build.0 = Release|Any CPU
		{C579C4B1-20C7-41DE-AC06-80A98B95CE78}.Debug|Any CPU.ActiveCfg = Debug|Any CPU
		{C579C4B1-20C7-41DE-AC06-80A98B95CE78}.Debug|Any CPU.Build.0 = Debug|Any CPU
		{C579C4B1-20C7-41DE-AC06-80A98B95CE78}.Release|Any CPU.ActiveCfg = Release|Any CPU
		{C579C4B1-20C7-41DE-AC06-80A98B95CE78}.Release|Any CPU.Build.0 = Release|Any CPU
	EndGlobalSection
	GlobalSection(SolutionProperties) = preSolution
		HideSolutionNode = FALSE
	EndGlobalSection
	GlobalSection(ExtensibilityGlobals) = postSolution
		SolutionGuid = {74992230-EBC1-4175-8850-936A7ECC7CAD}
	EndGlobalSection
EndGlobal
