
Microsoft Visual Studio Solution File, Format Version 12.00
# Visual Studio Version 16
VisualStudioVersion = 16.0.31205.134
MinimumVisualStudioVersion = 10.0.40219.1
Project("{FAE04EC0-301F-11D3-BF4B-00C04F79EFBC}") = "Fiap.Aula02.Exemplo", "Fiap.Aula02.Exemplo\Fiap.Aula02.Exemplo.csproj", "{BDDEFEFD-F101-473C-9F14-4EB029F95DAB}"
EndProject
Project("{FAE04EC0-301F-11D3-BF4B-00C04F79EFBC}") = "Fiap.Aula02.Exercicio01", "Fiap.Aula02.Exercicio01\Fiap.Aula02.Exercicio01.csproj", "{CF95E16F-F4DE-4D73-B0D7-307F17B725C3}"
EndProject
Global
	GlobalSection(SolutionConfigurationPlatforms) = preSolution
		Debug|Any CPU = Debug|Any CPU
		Release|Any CPU = Release|Any CPU
	EndGlobalSection
	GlobalSection(ProjectConfigurationPlatforms) = postSolution
		{BDDEFEFD-F101-473C-9F14-4EB029F95DAB}.Debug|Any CPU.ActiveCfg = Debug|Any CPU
		{BDDEFEFD-F101-473C-9F14-4EB029F95DAB}.Debug|Any CPU.Build.0 = Debug|Any CPU
		{BDDEFEFD-F101-473C-9F14-4EB029F95DAB}.Release|Any CPU.ActiveCfg = Release|Any CPU
		{BDDEFEFD-F101-473C-9F14-4EB029F95DAB}.Release|Any CPU.Build.0 = Release|Any CPU
		{CF95E16F-F4DE-4D73-B0D7-307F17B725C3}.Debug|Any CPU.ActiveCfg = Debug|Any CPU
		{CF95E16F-F4DE-4D73-B0D7-307F17B725C3}.Debug|Any CPU.Build.0 = Debug|Any CPU
		{CF95E16F-F4DE-4D73-B0D7-307F17B725C3}.Release|Any CPU.ActiveCfg = Release|Any CPU
		{CF95E16F-F4DE-4D73-B0D7-307F17B725C3}.Release|Any CPU.Build.0 = Release|Any CPU
	EndGlobalSection
	GlobalSection(SolutionProperties) = preSolution
		HideSolutionNode = FALSE
	EndGlobalSection
	GlobalSection(ExtensibilityGlobals) = postSolution
		SolutionGuid = {1373BF8B-975D-4856-817C-30E0E7EF1762}
	EndGlobalSection
EndGlobal
