
Microsoft Visual Studio Solution File, Format Version 12.00
# Visual Studio Version 16
VisualStudioVersion = 16.0.31205.134
MinimumVisualStudioVersion = 10.0.40219.1
Project("{FAE04EC0-301F-11D3-BF4B-00C04F79EFBC}") = "Fiap.Aula04.Exemplo01", "Fiap.Aula04.Exemplo01\Fiap.Aula04.Exemplo01.csproj", "{1A6BEA87-B126-49C5-B9FB-144E4B27FDE8}"
EndProject
Global
	GlobalSection(SolutionConfigurationPlatforms) = preSolution
		Debug|Any CPU = Debug|Any CPU
		Release|Any CPU = Release|Any CPU
	EndGlobalSection
	GlobalSection(ProjectConfigurationPlatforms) = postSolution
		{1A6BEA87-B126-49C5-B9FB-144E4B27FDE8}.Debug|Any CPU.ActiveCfg = Debug|Any CPU
		{1A6BEA87-B126-49C5-B9FB-144E4B27FDE8}.Debug|Any CPU.Build.0 = Debug|Any CPU
		{1A6BEA87-B126-49C5-B9FB-144E4B27FDE8}.Release|Any CPU.ActiveCfg = Release|Any CPU
		{1A6BEA87-B126-49C5-B9FB-144E4B27FDE8}.Release|Any CPU.Build.0 = Release|Any CPU
	EndGlobalSection
	GlobalSection(SolutionProperties) = preSolution
		HideSolutionNode = FALSE
	EndGlobalSection
	GlobalSection(ExtensibilityGlobals) = postSolution
		SolutionGuid = {BD6A3DEF-1A2F-47AD-ADB9-18E3492C9FF1}
	EndGlobalSection
EndGlobal
